{
  "pins" : [
    {
      "identity" : "jwt-kit",
      "kind" : "remoteSourceControl",
      "location" : "https://github.com/vapor/jwt-kit",
      "state" : {
        "revision" : "87ce13a1df913ba4d51cf00606df7ef24d455571",
        "version" : "4.7.0"
      }
    },
    {
      "identity" : "octokit.swift",
      "kind" : "remoteSourceControl",
      "location" : "https://github.com/nerdishbynature/octokit.swift",
      "state" : {
        "branch" : "main",
        "revision" : "c73dd980e225f4da3cff964dd81be53636ee2d70"
      }
    },
    {
      "identity" : "requestkit",
      "kind" : "remoteSourceControl",
      "location" : "https://github.com/nerdishbynature/RequestKit.git",
      "state" : {
        "revision" : "8b0258ea2a4345cbcac90509b764faacea12efb0",
        "version" : "3.2.1"
      }
    },
    {
      "identity" : "shellout",
      "kind" : "remoteSourceControl",
      "location" : "https://github.com/JohnSundell/ShellOut",
      "state" : {
        "revision" : "e1577acf2b6e90086d01a6d5e2b8efdaae033568",
        "version" : "2.3.0"
      }
    },
    {
      "identity" : "swift-arguments",
      "kind" : "remoteSourceControl",
      "location" : "https://github.com/clayellis/swift-arguments",
      "state" : {
        "branch" : "main",
        "revision" : "9f402f7ba4f743639ad816c7a14ca99e09422204"
      }
    },
    {
      "identity" : "swift-crypto",
      "kind" : "remoteSourceControl",
      "location" : "https://github.com/apple/swift-crypto.git",
      "state" : {
        "revision" : "f652300628eb2003449e627f1f394a27ea2af9a8",
        "version" : "2.2.0"
      }
    },
    {
      "identity" : "swift-environment",
      "kind" : "remoteSourceControl",
      "location" : "https://github.com/clayellis/swift-environment",
      "state" : {
        "branch" : "main",
        "revision" : "2d9145efa9436f4f89c15c89aaf32ef3338b22d7"
      }
    },
    {
      "identity" : "swift-log",
      "kind" : "remoteSourceControl",
      "location" : "https://github.com/apple/swift-log",
      "state" : {
        "revision" : "6fe203dc33195667ce1759bf0182975e4653ba1c",
        "version" : "1.4.4"
      }
    },
    {
      "identity" : "swift-pr",
      "kind" : "remoteSourceControl",
      "location" : "https://github.com/clayellis/swift-pr",
      "state" : {
        "branch" : "main",
        "revision" : "69c703dc3bda003f76498ecd92b667130e46e2ec"
      }
    }
  ],
  "version" : 2
}
