{
  "pins" : [
    {
      "identity" : "shellout",
      "kind" : "remoteSourceControl",
      "location" : "https://github.com/JohnSundell/ShellOut",
      "state" : {
        "revision" : "e1577acf2b6e90086d01a6d5e2b8efdaae033568",
        "version" : "2.3.0"
      }
    },
    {
      "identity" : "swift-arguments",
      "kind" : "remoteSourceControl",
      "location" : "https://github.com/clayellis/swift-arguments",
      "state" : {
        "branch" : "main",
        "revision" : "9f402f7ba4f743639ad816c7a14ca99e09422204"
      }
    },
    {
      "identity" : "swift-environment",
      "kind" : "remoteSourceControl",
      "location" : "https://github.com/clayellis/swift-environment",
      "state" : {
        "branch" : "main",
        "revision" : "7bebb9fe645611a833604b4b706ad3b5be7b55c5"
      }
    },
    {
      "identity" : "swift-log",
      "kind" : "remoteSourceControl",
      "location" : "https://github.com/apple/swift-log",
      "state" : {
        "revision" : "6fe203dc33195667ce1759bf0182975e4653ba1c",
        "version" : "1.4.4"
      }
    }
  ],
  "version" : 2
}
