{
  "pins" : [
    {
      "identity" : "jwt-kit",
      "kind" : "remoteSourceControl",
      "location" : "https://github.com/vapor/jwt-kit",
      "state" : {
        "revision" : "9e929d925434b91857661bcd455d1bd53f00bf22",
        "version" : "4.13.0"
      }
    },
    {
      "identity" : "octokit.swift",
      "kind" : "remoteSourceControl",
      "location" : "https://github.com/nerdishbynature/octokit.swift",
      "state" : {
        "branch" : "main",
        "revision" : "62e4eb3e14f2c77535f121c41e8bed14cf0d0b13"
      }
    },
    {
      "identity" : "requestkit",
      "kind" : "remoteSourceControl",
      "location" : "https://github.com/nerdishbynature/RequestKit.git",
      "state" : {
        "revision" : "8b0258ea2a4345cbcac90509b764faacea12efb0",
        "version" : "3.2.1"
      }
    },
    {
      "identity" : "swift-arguments",
      "kind" : "remoteSourceControl",
      "location" : "https://github.com/clayellis/swift-arguments",
      "state" : {
        "branch" : "main",
        "revision" : "9f402f7ba4f743639ad816c7a14ca99e09422204"
      }
    },
    {
      "identity" : "swift-cicd",
      "kind" : "remoteSourceControl",
      "location" : "https://github.com/swiftcicd/swift-cicd",
      "state" : {
        "branch" : "main",
        "revision" : "8d37d8fcd092df0cd199a5977e2b9ab309282f6c"
      }
    },
    {
      "identity" : "swift-crypto",
      "kind" : "remoteSourceControl",
      "location" : "https://github.com/apple/swift-crypto.git",
      "state" : {
        "revision" : "33a20e650c33f6d72d822d558333f2085effa3dc",
        "version" : "2.5.0"
      }
    },
    {
      "identity" : "swift-environment",
      "kind" : "remoteSourceControl",
      "location" : "https://github.com/clayellis/swift-environment",
      "state" : {
        "branch" : "main",
        "revision" : "c36e1b614d66b40475a3a27fd9fa95f313592370"
      }
    },
    {
      "identity" : "swift-log",
      "kind" : "remoteSourceControl",
      "location" : "https://github.com/apple/swift-log",
      "state" : {
        "revision" : "32e8d724467f8fe623624570367e3d50c5638e46",
        "version" : "1.5.2"
      }
    },
    {
      "identity" : "swift-pr",
      "kind" : "remoteSourceControl",
      "location" : "https://github.com/clayellis/swift-pr",
      "state" : {
        "branch" : "main",
        "revision" : "1d9411ca34f964c25c55b7048c05fbf25f586ec9"
      }
    }
  ],
  "version" : 2
}
